
Microsoft Visual Studio Solution File, Format Version 12.00
# Visual Studio Version 16
VisualStudioVersion = 16.0.29519.87
MinimumVisualStudioVersion = 10.0.40219.1
Project("{FAE04EC0-301F-11D3-BF4B-00C04F79EFBC}") = "MyCode", "MyCode\MyCode.csproj", "{90899D59-2A24-40C3-BBF9-AD840273325B}"
EndProject
Global
	GlobalSection(SolutionConfigurationPlatforms) = preSolution
		Debug|Any CPU = Debug|Any CPU
		Release|Any CPU = Release|Any CPU
	EndGlobalSection
	GlobalSection(ProjectConfigurationPlatforms) = postSolution
		{90899D59-2A24-40C3-BBF9-AD840273325B}.Debug|Any CPU.ActiveCfg = Debug|Any CPU
		{90899D59-2A24-40C3-BBF9-AD840273325B}.Debug|Any CPU.Build.0 = Debug|Any CPU
		{90899D59-2A24-40C3-BBF9-AD840273325B}.Release|Any CPU.ActiveCfg = Release|Any CPU
		{90899D59-2A24-40C3-BBF9-AD840273325B}.Release|Any CPU.Build.0 = Release|Any CPU
	EndGlobalSection
	GlobalSection(SolutionProperties) = preSolution
		HideSolutionNode = FALSE
	EndGlobalSection
	GlobalSection(ExtensibilityGlobals) = postSolution
		SolutionGuid = {A3985B1F-DF08-430F-953B-A172D8B5EA99}
	EndGlobalSection
EndGlobal
